
Microsoft Visual Studio Solution File, Format Version 12.00
# Visual Studio 15
VisualStudioVersion = 15.0.27130.2036
MinimumVisualStudioVersion = 10.0.40219.1
Project("{FAE04EC0-301F-11D3-BF4B-00C04F79EFBC}") = "BankAccountNS", "BankAccountNS\BankAccountNS.csproj", "{60B22B41-387C-4F68-9E81-560F95658680}"
EndProject
Project("{FAE04EC0-301F-11D3-BF4B-00C04F79EFBC}") = "BankTest", "BankTest\BankTest.csproj", "{58D236AF-592D-4704-A110-88A5BD35DE14}"
EndProject
Project("{9A19103F-16F7-4668-BE54-9A1E7A4F7556}") = "ChangeMoney", "ChangeMoney\ChangeMoney.csproj", "{1648EA8F-23B8-4FA4-9537-EBC67BA7A2C2}"
EndProject
Project("{FAE04EC0-301F-11D3-BF4B-00C04F79EFBC}") = "TestChangeMoney", "TestChangeMoney\TestChangeMoney.csproj", "{F9B2E19D-4AFE-4D7D-99A9-0D0C90C5E6DA}"
EndProject
Global
	GlobalSection(SolutionConfigurationPlatforms) = preSolution
		Debug|Any CPU = Debug|Any CPU
		Release|Any CPU = Release|Any CPU
	EndGlobalSection
	GlobalSection(ProjectConfigurationPlatforms) = postSolution
		{60B22B41-387C-4F68-9E81-560F95658680}.Debug|Any CPU.ActiveCfg = Debug|Any CPU
		{60B22B41-387C-4F68-9E81-560F95658680}.Debug|Any CPU.Build.0 = Debug|Any CPU
		{60B22B41-387C-4F68-9E81-560F95658680}.Release|Any CPU.ActiveCfg = Release|Any CPU
		{60B22B41-387C-4F68-9E81-560F95658680}.Release|Any CPU.Build.0 = Release|Any CPU
		{58D236AF-592D-4704-A110-88A5BD35DE14}.Debug|Any CPU.ActiveCfg = Debug|Any CPU
		{58D236AF-592D-4704-A110-88A5BD35DE14}.Debug|Any CPU.Build.0 = Debug|Any CPU
		{58D236AF-592D-4704-A110-88A5BD35DE14}.Release|Any CPU.ActiveCfg = Release|Any CPU
		{58D236AF-592D-4704-A110-88A5BD35DE14}.Release|Any CPU.Build.0 = Release|Any CPU
		{1648EA8F-23B8-4FA4-9537-EBC67BA7A2C2}.Debug|Any CPU.ActiveCfg = Debug|Any CPU
		{1648EA8F-23B8-4FA4-9537-EBC67BA7A2C2}.Debug|Any CPU.Build.0 = Debug|Any CPU
		{1648EA8F-23B8-4FA4-9537-EBC67BA7A2C2}.Release|Any CPU.ActiveCfg = Release|Any CPU
		{1648EA8F-23B8-4FA4-9537-EBC67BA7A2C2}.Release|Any CPU.Build.0 = Release|Any CPU
		{F9B2E19D-4AFE-4D7D-99A9-0D0C90C5E6DA}.Debug|Any CPU.ActiveCfg = Debug|Any CPU
		{F9B2E19D-4AFE-4D7D-99A9-0D0C90C5E6DA}.Debug|Any CPU.Build.0 = Debug|Any CPU
		{F9B2E19D-4AFE-4D7D-99A9-0D0C90C5E6DA}.Release|Any CPU.ActiveCfg = Release|Any CPU
		{F9B2E19D-4AFE-4D7D-99A9-0D0C90C5E6DA}.Release|Any CPU.Build.0 = Release|Any CPU
	EndGlobalSection
	GlobalSection(SolutionProperties) = preSolution
		HideSolutionNode = FALSE
	EndGlobalSection
	GlobalSection(ExtensibilityGlobals) = postSolution
		SolutionGuid = {4AF8436F-37B9-42C2-96A9-5B80F31A4F36}
	EndGlobalSection
EndGlobal
